
Microsoft Visual Studio Solution File, Format Version 12.00
Project("{FAE04EC0-301F-11D3-BF4B-00C04F79EFBC}") = "HuggingFaceDatasetUploader", "HuggingFaceDatasetUploader\HuggingFaceDatasetUploader.csproj", "{83E772B1-62C5-4ECF-805E-41CF1B0DE86D}"
EndProject
Global
	GlobalSection(SolutionConfigurationPlatforms) = preSolution
		Debug|Any CPU = Debug|Any CPU
		Release|Any CPU = Release|Any CPU
	EndGlobalSection
	GlobalSection(ProjectConfigurationPlatforms) = postSolution
		{83E772B1-62C5-4ECF-805E-41CF1B0DE86D}.Debug|Any CPU.ActiveCfg = Debug|Any CPU
		{83E772B1-62C5-4ECF-805E-41CF1B0DE86D}.Debug|Any CPU.Build.0 = Debug|Any CPU
		{83E772B1-62C5-4ECF-805E-41CF1B0DE86D}.Release|Any CPU.ActiveCfg = Release|Any CPU
		{83E772B1-62C5-4ECF-805E-41CF1B0DE86D}.Release|Any CPU.Build.0 = Release|Any CPU
	EndGlobalSection
EndGlobal
